// !$*UTF8*$!
{
	archiveVersion = 1;
	classes = {
	};
	objectVersion = 55;
	objects = {

/* Begin PBXBuildFile section */
		B3B094462706C5B2007867A7 /* RecentlyPlayedViewCell.swift in Sources */ = {isa = PBXBuildFile; fileRef = B3B094452706C5B2007867A7 /* RecentlyPlayedViewCell.swift */; };
		B3CBB7B4270C0D4200E7CCA0 /* ArtistAlbum.swift in Sources */ = {isa = PBXBuildFile; fileRef = B3CBB7B3270C0D4200E7CCA0 /* ArtistAlbum.swift */; };
		B3CBB7B6270C10CF00E7CCA0 /* SongRecentlyPlayedCell.swift in Sources */ = {isa = PBXBuildFile; fileRef = B3CBB7B5270C10CF00E7CCA0 /* SongRecentlyPlayedCell.swift */; };
		B3CBB7B8270C12CD00E7CCA0 /* NewRealeaseArtistView.swift in Sources */ = {isa = PBXBuildFile; fileRef = B3CBB7B7270C12CD00E7CCA0 /* NewRealeaseArtistView.swift */; };
		B3D29C5F27056472007FE783 /* stifyApp.swift in Sources */ = {isa = PBXBuildFile; fileRef = B3D29C5E27056472007FE783 /* stifyApp.swift */; };
		B3D29C6127056472007FE783 /* ContentView.swift in Sources */ = {isa = PBXBuildFile; fileRef = B3D29C6027056472007FE783 /* ContentView.swift */; };
		B3D29C6327056473007FE783 /* Assets.xcassets in Resources */ = {isa = PBXBuildFile; fileRef = B3D29C6227056473007FE783 /* Assets.xcassets */; };
		B3D29C6627056473007FE783 /* Preview Assets.xcassets in Resources */ = {isa = PBXBuildFile; fileRef = B3D29C6527056473007FE783 /* Preview Assets.xcassets */; };
		B3D29C6827056473007FE783 /* Persistence.swift in Sources */ = {isa = PBXBuildFile; fileRef = B3D29C6727056473007FE783 /* Persistence.swift */; };
		B3D29C6B27056473007FE783 /* stify.xcdatamodeld in Sources */ = {isa = PBXBuildFile; fileRef = B3D29C6927056473007FE783 /* stify.xcdatamodeld */; };
		B3D29C74270564FC007FE783 /* HomeTabView.swift in Sources */ = {isa = PBXBuildFile; fileRef = B3D29C73270564FC007FE783 /* HomeTabView.swift */; };
		B3D29C77270566A8007FE783 /* Home.swift in Sources */ = {isa = PBXBuildFile; fileRef = B3D29C76270566A8007FE783 /* Home.swift */; };
		B3D29C79270566BB007FE783 /* Search.swift in Sources */ = {isa = PBXBuildFile; fileRef = B3D29C78270566BB007FE783 /* Search.swift */; };
		B3D29C7B270566D6007FE783 /* MyLibrary.swift in Sources */ = {isa = PBXBuildFile; fileRef = B3D29C7A270566D6007FE783 /* MyLibrary.swift */; };
/* End PBXBuildFile section */

/* Begin PBXFileReference section */
		B3B094452706C5B2007867A7 /* RecentlyPlayedViewCell.swift */ = {isa = PBXFileReference; lastKnownFileType = sourcecode.swift; path = RecentlyPlayedViewCell.swift; sourceTree = "<group>"; };
		B3CBB7B3270C0D4200E7CCA0 /* ArtistAlbum.swift */ = {isa = PBXFileReference; lastKnownFileType = sourcecode.swift; path = ArtistAlbum.swift; sourceTree = "<group>"; };
		B3CBB7B5270C10CF00E7CCA0 /* SongRecentlyPlayedCell.swift */ = {isa = PBXFileReference; lastKnownFileType = sourcecode.swift; path = SongRecentlyPlayedCell.swift; sourceTree = "<group>"; };
		B3CBB7B7270C12CD00E7CCA0 /* NewRealeaseArtistView.swift */ = {isa = PBXFileReference; lastKnownFileType = sourcecode.swift; path = NewRealeaseArtistView.swift; sourceTree = "<group>"; };
		B3D29C5B27056472007FE783 /* stify.app */ = {isa = PBXFileReference; explicitFileType = wrapper.application; includeInIndex = 0; path = stify.app; sourceTree = BUILT_PRODUCTS_DIR; };
		B3D29C5E27056472007FE783 /* stifyApp.swift */ = {isa = PBXFileReference; lastKnownFileType = sourcecode.swift; path = stifyApp.swift; sourceTree = "<group>"; };
		B3D29C6027056472007FE783 /* ContentView.swift */ = {isa = PBXFileReference; lastKnownFileType = sourcecode.swift; path = ContentView.swift; sourceTree = "<group>"; };
		B3D29C6227056473007FE783 /* Assets.xcassets */ = {isa = PBXFileReference; lastKnownFileType = folder.assetcatalog; path = Assets.xcassets; sourceTree = "<group>"; };
		B3D29C6527056473007FE783 /* Preview Assets.xcassets */ = {isa = PBXFileReference; lastKnownFileType = folder.assetcatalog; path = "Preview Assets.xcassets"; sourceTree = "<group>"; };
		B3D29C6727056473007FE783 /* Persistence.swift */ = {isa = PBXFileReference; lastKnownFileType = sourcecode.swift; path = Persistence.swift; sourceTree = "<group>"; };
		B3D29C6A27056473007FE783 /* stify.xcdatamodel */ = {isa = PBXFileReference; lastKnownFileType = wrapper.xcdatamodel; path = stify.xcdatamodel; sourceTree = "<group>"; };
		B3D29C73270564FC007FE783 /* HomeTabView.swift */ = {isa = PBXFileReference; lastKnownFileType = sourcecode.swift; path = HomeTabView.swift; sourceTree = "<group>"; };
		B3D29C76270566A8007FE783 /* Home.swift */ = {isa = PBXFileReference; lastKnownFileType = sourcecode.swift; path = Home.swift; sourceTree = "<group>"; };
		B3D29C78270566BB007FE783 /* Search.swift */ = {isa = PBXFileReference; lastKnownFileType = sourcecode.swift; path = Search.swift; sourceTree = "<group>"; };
		B3D29C7A270566D6007FE783 /* MyLibrary.swift */ = {isa = PBXFileReference; lastKnownFileType = sourcecode.swift; path = MyLibrary.swift; sourceTree = "<group>"; };
/* End PBXFileReference section */

/* Begin PBXFrameworksBuildPhase section */
		B3D29C5827056472007FE783 /* Frameworks */ = {
			isa = PBXFrameworksBuildPhase;
			buildActionMask = 2147483647;
			files = (
			);
			runOnlyForDeploymentPostprocessing = 0;
		};
/* End PBXFrameworksBuildPhase section */

/* Begin PBXGroup section */
		B3B094472706D120007867A7 /* Artist */ = {
			isa = PBXGroup;
			children = (
				B3B094482706D135007867A7 /* Views */,
			);
			path = Artist;
			sourceTree = "<group>";
		};
		B3B094482706D135007867A7 /* Views */ = {
			isa = PBXGroup;
			children = (
				B3CBB7B3270C0D4200E7CCA0 /* ArtistAlbum.swift */,
				B3CBB7B7270C12CD00E7CCA0 /* NewRealeaseArtistView.swift */,
			);
			path = Views;
			sourceTree = "<group>";
		};
		B3D29C5227056472007FE783 = {
			isa = PBXGroup;
			children = (
				B3D29C5D27056472007FE783 /* stify */,
				B3D29C5C27056472007FE783 /* Products */,
			);
			sourceTree = "<group>";
		};
		B3D29C5C27056472007FE783 /* Products */ = {
			isa = PBXGroup;
			children = (
				B3D29C5B27056472007FE783 /* stify.app */,
			);
			name = Products;
			sourceTree = "<group>";
		};
		B3D29C5D27056472007FE783 /* stify */ = {
			isa = PBXGroup;
			children = (
				B3D29C71270564D8007FE783 /* Ui */,
				B3D29C5E27056472007FE783 /* stifyApp.swift */,
				B3D29C6027056472007FE783 /* ContentView.swift */,
				B3D29C6227056473007FE783 /* Assets.xcassets */,
				B3D29C6727056473007FE783 /* Persistence.swift */,
				B3D29C6927056473007FE783 /* stify.xcdatamodeld */,
				B3D29C6427056473007FE783 /* Preview Content */,
			);
			path = stify;
			sourceTree = "<group>";
		};
		B3D29C6427056473007FE783 /* Preview Content */ = {
			isa = PBXGroup;
			children = (
				B3D29C6527056473007FE783 /* Preview Assets.xcassets */,
			);
			path = "Preview Content";
			sourceTree = "<group>";
		};
		B3D29C71270564D8007FE783 /* Ui */ = {
			isa = PBXGroup;
			children = (
				B3B094472706D120007867A7 /* Artist */,
				B3D29C72270564E3007FE783 /* Home */,
			);
			path = Ui;
			sourceTree = "<group>";
		};
		B3D29C72270564E3007FE783 /* Home */ = {
			isa = PBXGroup;
			children = (
				B3D29C7C27056A61007FE783 /* Cells */,
				B3D29C7527056697007FE783 /* Views */,
				B3D29C73270564FC007FE783 /* HomeTabView.swift */,
			);
			path = Home;
			sourceTree = "<group>";
		};
		B3D29C7527056697007FE783 /* Views */ = {
			isa = PBXGroup;
			children = (
				B3D29C76270566A8007FE783 /* Home.swift */,
				B3D29C78270566BB007FE783 /* Search.swift */,
				B3D29C7A270566D6007FE783 /* MyLibrary.swift */,
			);
			path = Views;
			sourceTree = "<group>";
		};
		B3D29C7C27056A61007FE783 /* Cells */ = {
			isa = PBXGroup;
			children = (
				B3B094452706C5B2007867A7 /* RecentlyPlayedViewCell.swift */,
				B3CBB7B5270C10CF00E7CCA0 /* SongRecentlyPlayedCell.swift */,
			);
			path = Cells;
			sourceTree = "<group>";
		};
/* End PBXGroup section */

/* Begin PBXNativeTarget section */
		B3D29C5A27056472007FE783 /* stify */ = {
			isa = PBXNativeTarget;
			buildConfigurationList = B3D29C6E27056473007FE783 /* Build configuration list for PBXNativeTarget "stify" */;
			buildPhases = (
				B3D29C5727056472007FE783 /* Sources */,
				B3D29C5827056472007FE783 /* Frameworks */,
				B3D29C5927056472007FE783 /* Resources */,
			);
			buildRules = (
			);
			dependencies = (
			);
			name = stify;
			productName = stify;
			productReference = B3D29C5B27056472007FE783 /* stify.app */;
			productType = "com.apple.product-type.application";
		};
/* End PBXNativeTarget section */

/* Begin PBXProject section */
		B3D29C5327056472007FE783 /* Project object */ = {
			isa = PBXProject;
			attributes = {
				BuildIndependentTargetsInParallel = 1;
				LastSwiftUpdateCheck = 1300;
				LastUpgradeCheck = 1300;
				TargetAttributes = {
					B3D29C5A27056472007FE783 = {
						CreatedOnToolsVersion = 13.0;
					};
				};
			};
			buildConfigurationList = B3D29C5627056472007FE783 /* Build configuration list for PBXProject "stify" */;
			compatibilityVersion = "Xcode 13.0";
			developmentRegion = en;
			hasScannedForEncodings = 0;
			knownRegions = (
				en,
				Base,
			);
			mainGroup = B3D29C5227056472007FE783;
			productRefGroup = B3D29C5C27056472007FE783 /* Products */;
			projectDirPath = "";
			projectRoot = "";
			targets = (
				B3D29C5A27056472007FE783 /* stify */,
			);
		};
/* End PBXProject section */

/* Begin PBXResourcesBuildPhase section */
		B3D29C5927056472007FE783 /* Resources */ = {
			isa = PBXResourcesBuildPhase;
			buildActionMask = 2147483647;
			files = (
				B3D29C6627056473007FE783 /* Preview Assets.xcassets in Resources */,
				B3D29C6327056473007FE783 /* Assets.xcassets in Resources */,
			);
			runOnlyForDeploymentPostprocessing = 0;
		};
/* End PBXResourcesBuildPhase section */

/* Begin PBXSourcesBuildPhase section */
		B3D29C5727056472007FE783 /* Sources */ = {
			isa = PBXSourcesBuildPhase;
			buildActionMask = 2147483647;
			files = (
				B3D29C6827056473007FE783 /* Persistence.swift in Sources */,
				B3D29C6B27056473007FE783 /* stify.xcdatamodeld in Sources */,
				B3CBB7B4270C0D4200E7CCA0 /* ArtistAlbum.swift in Sources */,
				B3B094462706C5B2007867A7 /* RecentlyPlayedViewCell.swift in Sources */,
				B3D29C74270564FC007FE783 /* HomeTabView.swift in Sources */,
				B3CBB7B6270C10CF00E7CCA0 /* SongRecentlyPlayedCell.swift in Sources */,
				B3D29C6127056472007FE783 /* ContentView.swift in Sources */,
				B3D29C77270566A8007FE783 /* Home.swift in Sources */,
				B3CBB7B8270C12CD00E7CCA0 /* NewRealeaseArtistView.swift in Sources */,
				B3D29C7B270566D6007FE783 /* MyLibrary.swift in Sources */,
				B3D29C5F27056472007FE783 /* stifyApp.swift in Sources */,
				B3D29C79270566BB007FE783 /* Search.swift in Sources */,
			);
			runOnlyForDeploymentPostprocessing = 0;
		};
/* End PBXSourcesBuildPhase section */

/* Begin XCBuildConfiguration section */
		B3D29C6C27056473007FE783 /* Debug */ = {
			isa = XCBuildConfiguration;
			buildSettings = {
				ALWAYS_SEARCH_USER_PATHS = NO;
				CLANG_ANALYZER_NONNULL = YES;
				CLANG_ANALYZER_NUMBER_OBJECT_CONVERSION = YES_AGGRESSIVE;
				CLANG_CXX_LANGUAGE_STANDARD = "gnu++17";
				CLANG_CXX_LIBRARY = "libc++";
				CLANG_ENABLE_MODULES = YES;
				CLANG_ENABLE_OBJC_ARC = YES;
				CLANG_ENABLE_OBJC_WEAK = YES;
				CLANG_WARN_BLOCK_CAPTURE_AUTORELEASING = YES;
				CLANG_WARN_BOOL_CONVERSION = YES;
				CLANG_WARN_COMMA = YES;
				CLANG_WARN_CONSTANT_CONVERSION = YES;
				CLANG_WARN_DEPRECATED_OBJC_IMPLEMENTATIONS = YES;
				CLANG_WARN_DIRECT_OBJC_ISA_USAGE = YES_ERROR;
				CLANG_WARN_DOCUMENTATION_COMMENTS = YES;
				CLANG_WARN_EMPTY_BODY = YES;
				CLANG_WARN_ENUM_CONVERSION = YES;
				CLANG_WARN_INFINITE_RECURSION = YES;
				CLANG_WARN_INT_CONVERSION = YES;
				CLANG_WARN_NON_LITERAL_NULL_CONVERSION = YES;
				CLANG_WARN_OBJC_IMPLICIT_RETAIN_SELF = YES;
				CLANG_WARN_OBJC_LITERAL_CONVERSION = YES;
				CLANG_WARN_OBJC_ROOT_CLASS = YES_ERROR;
				CLANG_WARN_QUOTED_INCLUDE_IN_FRAMEWORK_HEADER = YES;
				CLANG_WARN_RANGE_LOOP_ANALYSIS = YES;
				CLANG_WARN_STRICT_PROTOTYPES = YES;
				CLANG_WARN_SUSPICIOUS_MOVE = YES;
				CLANG_WARN_UNGUARDED_AVAILABILITY = YES_AGGRESSIVE;
				CLANG_WARN_UNREACHABLE_CODE = YES;
				CLANG_WARN__DUPLICATE_METHOD_MATCH = YES;
				COPY_PHASE_STRIP = NO;
				DEBUG_INFORMATION_FORMAT = dwarf;
				ENABLE_STRICT_OBJC_MSGSEND = YES;
				ENABLE_TESTABILITY = YES;
				GCC_C_LANGUAGE_STANDARD = gnu11;
				GCC_DYNAMIC_NO_PIC = NO;
				GCC_NO_COMMON_BLOCKS = YES;
				GCC_OPTIMIZATION_LEVEL = 0;
				GCC_PREPROCESSOR_DEFINITIONS = (
					"DEBUG=1",
					"$(inherited)",
				);
				GCC_WARN_64_TO_32_BIT_CONVERSION = YES;
				GCC_WARN_ABOUT_RETURN_TYPE = YES_ERROR;
				GCC_WARN_UNDECLARED_SELECTOR = YES;
				GCC_WARN_UNINITIALIZED_AUTOS = YES_AGGRESSIVE;
				GCC_WARN_UNUSED_FUNCTION = YES;
				GCC_WARN_UNUSED_VARIABLE = YES;
				IPHONEOS_DEPLOYMENT_TARGET = 15.0;
				MTL_ENABLE_DEBUG_INFO = INCLUDE_SOURCE;
				MTL_FAST_MATH = YES;
				ONLY_ACTIVE_ARCH = YES;
				SDKROOT = iphoneos;
				SWIFT_ACTIVE_COMPILATION_CONDITIONS = DEBUG;
				SWIFT_OPTIMIZATION_LEVEL = "-Onone";
			};
			name = Debug;
		};
		B3D29C6D27056473007FE783 /* Release */ = {
			isa = XCBuildConfiguration;
			buildSettings = {
				ALWAYS_SEARCH_USER_PATHS = NO;
				CLANG_ANALYZER_NONNULL = YES;
				CLANG_ANALYZER_NUMBER_OBJECT_CONVERSION = YES_AGGRESSIVE;
				CLANG_CXX_LANGUAGE_STANDARD = "gnu++17";
				CLANG_CXX_LIBRARY = "libc++";
				CLANG_ENABLE_MODULES = YES;
				CLANG_ENABLE_OBJC_ARC = YES;
				CLANG_ENABLE_OBJC_WEAK = YES;
				CLANG_WARN_BLOCK_CAPTURE_AUTORELEASING = YES;
				CLANG_WARN_BOOL_CONVERSION = YES;
				CLANG_WARN_COMMA = YES;
				CLANG_WARN_CONSTANT_CONVERSION = YES;
				CLANG_WARN_DEPRECATED_OBJC_IMPLEMENTATIONS = YES;
				CLANG_WARN_DIRECT_OBJC_ISA_USAGE = YES_ERROR;
				CLANG_WARN_DOCUMENTATION_COMMENTS = YES;
				CLANG_WARN_EMPTY_BODY = YES;
				CLANG_WARN_ENUM_CONVERSION = YES;
				CLANG_WARN_INFINITE_RECURSION = YES;
				CLANG_WARN_INT_CONVERSION = YES;
				CLANG_WARN_NON_LITERAL_NULL_CONVERSION = YES;
				CLANG_WARN_OBJC_IMPLICIT_RETAIN_SELF = YES;
				CLANG_WARN_OBJC_LITERAL_CONVERSION = YES;
				CLANG_WARN_OBJC_ROOT_CLASS = YES_ERROR;
				CLANG_WARN_QUOTED_INCLUDE_IN_FRAMEWORK_HEADER = YES;
				CLANG_WARN_RANGE_LOOP_ANALYSIS = YES;
				CLANG_WARN_STRICT_PROTOTYPES = YES;
				CLANG_WARN_SUSPICIOUS_MOVE = YES;
				CLANG_WARN_UNGUARDED_AVAILABILITY = YES_AGGRESSIVE;
				CLANG_WARN_UNREACHABLE_CODE = YES;
				CLANG_WARN__DUPLICATE_METHOD_MATCH = YES;
				COPY_PHASE_STRIP = NO;
				DEBUG_INFORMATION_FORMAT = "dwarf-with-dsym";
				ENABLE_NS_ASSERTIONS = NO;
				ENABLE_STRICT_OBJC_MSGSEND = YES;
				GCC_C_LANGUAGE_STANDARD = gnu11;
				GCC_NO_COMMON_BLOCKS = YES;
				GCC_WARN_64_TO_32_BIT_CONVERSION = YES;
				GCC_WARN_ABOUT_RETURN_TYPE = YES_ERROR;
				GCC_WARN_UNDECLARED_SELECTOR = YES;
				GCC_WARN_UNINITIALIZED_AUTOS = YES_AGGRESSIVE;
				GCC_WARN_UNUSED_FUNCTION = YES;
				GCC_WARN_UNUSED_VARIABLE = YES;
				IPHONEOS_DEPLOYMENT_TARGET = 15.0;
				MTL_ENABLE_DEBUG_INFO = NO;
				MTL_FAST_MATH = YES;
				SDKROOT = iphoneos;
				SWIFT_COMPILATION_MODE = wholemodule;
				SWIFT_OPTIMIZATION_LEVEL = "-O";
				VALIDATE_PRODUCT = YES;
			};
			name = Release;
		};
		B3D29C6F27056473007FE783 /* Debug */ = {
			isa = XCBuildConfiguration;
			buildSettings = {
				ASSETCATALOG_COMPILER_APPICON_NAME = AppIcon;
				ASSETCATALOG_COMPILER_GLOBAL_ACCENT_COLOR_NAME = AccentColor;
				CODE_SIGN_STYLE = Automatic;
				CURRENT_PROJECT_VERSION = 1;
				DEVELOPMENT_ASSET_PATHS = "\"stify/Preview Content\"";
				DEVELOPMENT_TEAM = HKA6PJ3AC9;
				ENABLE_PREVIEWS = YES;
				GENERATE_INFOPLIST_FILE = YES;
				INFOPLIST_KEY_UIApplicationSceneManifest_Generation = YES;
				INFOPLIST_KEY_UIApplicationSupportsIndirectInputEvents = YES;
				INFOPLIST_KEY_UILaunchScreen_Generation = YES;
				INFOPLIST_KEY_UISupportedInterfaceOrientations_iPad = "UIInterfaceOrientationPortrait UIInterfaceOrientationPortraitUpsideDown UIInterfaceOrientationLandscapeLeft UIInterfaceOrientationLandscapeRight";
				INFOPLIST_KEY_UISupportedInterfaceOrientations_iPhone = "UIInterfaceOrientationPortrait UIInterfaceOrientationLandscapeLeft UIInterfaceOrientationLandscapeRight";
				IPHONEOS_DEPLOYMENT_TARGET = 14.0;
				LD_RUNPATH_SEARCH_PATHS = (
					"$(inherited)",
					"@executable_path/Frameworks",
				);
				MARKETING_VERSION = 1.0;
				PRODUCT_BUNDLE_IDENTIFIER = plus.ese.stify;
				PRODUCT_NAME = "$(TARGET_NAME)";
				SWIFT_EMIT_LOC_STRINGS = YES;
				SWIFT_VERSION = 5.0;
				TARGETED_DEVICE_FAMILY = "1,2";
			};
			name = Debug;
		};
		B3D29C7027056473007FE783 /* Release */ = {
			isa = XCBuildConfiguration;
			buildSettings = {
				ASSETCATALOG_COMPILER_APPICON_NAME = AppIcon;
				ASSETCATALOG_COMPILER_GLOBAL_ACCENT_COLOR_NAME = AccentColor;
				CODE_SIGN_STYLE = Automatic;
				CURRENT_PROJECT_VERSION = 1;
				DEVELOPMENT_ASSET_PATHS = "\"stify/Preview Content\"";
				DEVELOPMENT_TEAM = HKA6PJ3AC9;
				ENABLE_PREVIEWS = YES;
				GENERATE_INFOPLIST_FILE = YES;
				INFOPLIST_KEY_UIApplicationSceneManifest_Generation = YES;
				INFOPLIST_KEY_UIApplicationSupportsIndirectInputEvents = YES;
				INFOPLIST_KEY_UILaunchScreen_Generation = YES;
				INFOPLIST_KEY_UISupportedInterfaceOrientations_iPad = "UIInterfaceOrientationPortrait UIInterfaceOrientationPortraitUpsideDown UIInterfaceOrientationLandscapeLeft UIInterfaceOrientationLandscapeRight";
				INFOPLIST_KEY_UISupportedInterfaceOrientations_iPhone = "UIInterfaceOrientationPortrait UIInterfaceOrientationLandscapeLeft UIInterfaceOrientationLandscapeRight";
				IPHONEOS_DEPLOYMENT_TARGET = 14.0;
				LD_RUNPATH_SEARCH_PATHS = (
					"$(inherited)",
					"@executable_path/Frameworks",
				);
				MARKETING_VERSION = 1.0;
				PRODUCT_BUNDLE_IDENTIFIER = plus.ese.stify;
				PRODUCT_NAME = "$(TARGET_NAME)";
				SWIFT_EMIT_LOC_STRINGS = YES;
				SWIFT_VERSION = 5.0;
				TARGETED_DEVICE_FAMILY = "1,2";
			};
			name = Release;
		};
/* End XCBuildConfiguration section */

/* Begin XCConfigurationList section */
		B3D29C5627056472007FE783 /* Build configuration list for PBXProject "stify" */ = {
			isa = XCConfigurationList;
			buildConfigurations = (
				B3D29C6C27056473007FE783 /* Debug */,
				B3D29C6D27056473007FE783 /* Release */,
			);
			defaultConfigurationIsVisible = 0;
			defaultConfigurationName = Release;
		};
		B3D29C6E27056473007FE783 /* Build configuration list for PBXNativeTarget "stify" */ = {
			isa = XCConfigurationList;
			buildConfigurations = (
				B3D29C6F27056473007FE783 /* Debug */,
				B3D29C7027056473007FE783 /* Release */,
			);
			defaultConfigurationIsVisible = 0;
			defaultConfigurationName = Release;
		};
/* End XCConfigurationList section */

/* Begin XCVersionGroup section */
		B3D29C6927056473007FE783 /* stify.xcdatamodeld */ = {
			isa = XCVersionGroup;
			children = (
				B3D29C6A27056473007FE783 /* stify.xcdatamodel */,
			);
			currentVersion = B3D29C6A27056473007FE783 /* stify.xcdatamodel */;
			path = stify.xcdatamodeld;
			sourceTree = "<group>";
			versionGroupType = wrapper.xcdatamodel;
		};
/* End XCVersionGroup section */
	};
	rootObject = B3D29C5327056472007FE783 /* Project object */;
}
